{
  "pins" : [
    {
      "identity" : "jxsegmentedview",
      "kind" : "remoteSourceControl",
      "location" : "https://github.com/pujiaxin33/JXSegmentedView.git",
      "state" : {
        "revision" : "b7e784f21257d0947cdd4d79951d8fc749ea0602",
        "version" : "1.3.0"
      }
    },
    {
      "identity" : "sdwebimage",
      "kind" : "remoteSourceControl",
      "location" : "https://github.com/SDWebImage/SDWebImage.git",
      "state" : {
        "revision" : "02283906996de3de7e582c885d98e4aff60f18b0",
        "version" : "5.12.4"
      }
    }
  ],
  "version" : 2
}
