// !$*UTF8*$!
{
	archiveVersion = 1;
	classes = {
	};
	objectVersion = 55;
	objects = {

/* Begin PBXBuildFile section */
		8D4859F427D90087007C5B55 /* AppDelegate.swift in Sources */ = {isa = PBXBuildFile; fileRef = 8D4859F327D90087007C5B55 /* AppDelegate.swift */; };
		8D4859F627D90087007C5B55 /* SceneDelegate.swift in Sources */ = {isa = PBXBuildFile; fileRef = 8D4859F527D90087007C5B55 /* SceneDelegate.swift */; };
		8D4859FB27D90087007C5B55 /* Main.storyboard in Resources */ = {isa = PBXBuildFile; fileRef = 8D4859F927D90087007C5B55 /* Main.storyboard */; };
		8D4859FD27D90089007C5B55 /* Assets.xcassets in Resources */ = {isa = PBXBuildFile; fileRef = 8D4859FC27D90089007C5B55 /* Assets.xcassets */; };
		8D485A0027D90089007C5B55 /* LaunchScreen.storyboard in Resources */ = {isa = PBXBuildFile; fileRef = 8D4859FE27D90089007C5B55 /* LaunchScreen.storyboard */; };
		8D485A0B27D9008A007C5B55 /* pigShopTests.swift in Sources */ = {isa = PBXBuildFile; fileRef = 8D485A0A27D9008A007C5B55 /* pigShopTests.swift */; };
		8D485A1527D9008A007C5B55 /* pigShopUITests.swift in Sources */ = {isa = PBXBuildFile; fileRef = 8D485A1427D9008A007C5B55 /* pigShopUITests.swift */; };
		8D485A1727D9008A007C5B55 /* pigShopUITestsLaunchTests.swift in Sources */ = {isa = PBXBuildFile; fileRef = 8D485A1627D9008A007C5B55 /* pigShopUITestsLaunchTests.swift */; };
		8D485A2427D90303007C5B55 /* TabBarViewController.swift in Sources */ = {isa = PBXBuildFile; fileRef = 8D485A2327D90303007C5B55 /* TabBarViewController.swift */; };
		8D485A2A27D9041D007C5B55 /* Shop.storyboard in Resources */ = {isa = PBXBuildFile; fileRef = 8D485A2927D9041D007C5B55 /* Shop.storyboard */; };
		8D485A2C27D9042C007C5B55 /* Cart.storyboard in Resources */ = {isa = PBXBuildFile; fileRef = 8D485A2B27D9042C007C5B55 /* Cart.storyboard */; };
		8D485A2E27D90441007C5B55 /* Order.storyboard in Resources */ = {isa = PBXBuildFile; fileRef = 8D485A2D27D90441007C5B55 /* Order.storyboard */; };
		8D485A3027D9044B007C5B55 /* Profile.storyboard in Resources */ = {isa = PBXBuildFile; fileRef = 8D485A2F27D9044B007C5B55 /* Profile.storyboard */; };
		8D6F72CB27DAF70F00714245 /* RecommendView.swift in Sources */ = {isa = PBXBuildFile; fileRef = 8D6F72CA27DAF70F00714245 /* RecommendView.swift */; };
		8D6F72CD27DAF72400714245 /* RecommendView.xib in Resources */ = {isa = PBXBuildFile; fileRef = 8D6F72CC27DAF72400714245 /* RecommendView.xib */; };
		8D6F72CF27DAFA6900714245 /* UIView++.swift in Sources */ = {isa = PBXBuildFile; fileRef = 8D6F72CE27DAFA6900714245 /* UIView++.swift */; };
		8D9BFA0427DA259500DBE962 /* CartViewController.swift in Sources */ = {isa = PBXBuildFile; fileRef = 8D9BFA0327DA259500DBE962 /* CartViewController.swift */; };
		8D9BFA0627DA3A1900DBE962 /* HomeViewController.swift in Sources */ = {isa = PBXBuildFile; fileRef = 8D9BFA0527DA3A1900DBE962 /* HomeViewController.swift */; };
		8D9BFA0E27DA3C9C00DBE962 /* RecommendCollectionViewCell.swift in Sources */ = {isa = PBXBuildFile; fileRef = 8D9BFA0C27DA3C9C00DBE962 /* RecommendCollectionViewCell.swift */; };
		8D9BFA0F27DA3C9C00DBE962 /* RecommendCollectionViewCell.xib in Resources */ = {isa = PBXBuildFile; fileRef = 8D9BFA0D27DA3C9C00DBE962 /* RecommendCollectionViewCell.xib */; };
		8D9BFA1227DA429D00DBE962 /* SDWebImage in Frameworks */ = {isa = PBXBuildFile; productRef = 8D9BFA1127DA429D00DBE962 /* SDWebImage */; };
		8DDF379027D9BBEC00142E4B /* UIColor++.swift in Sources */ = {isa = PBXBuildFile; fileRef = 8DDF378F27D9BBEC00142E4B /* UIColor++.swift */; };
		8DDF379227D9C9A500142E4B /* ProfileViewController.swift in Sources */ = {isa = PBXBuildFile; fileRef = 8DDF379127D9C9A500142E4B /* ProfileViewController.swift */; };
		8DDF379827D9D3D000142E4B /* SettingListTableViewCell.swift in Sources */ = {isa = PBXBuildFile; fileRef = 8DDF379627D9D3D000142E4B /* SettingListTableViewCell.swift */; };
		8DDF379927D9D3D000142E4B /* SettingListTableViewCell.xib in Resources */ = {isa = PBXBuildFile; fileRef = 8DDF379727D9D3D000142E4B /* SettingListTableViewCell.xib */; };
		8DDF379C27D9E36A00142E4B /* AccountTableViewCell.swift in Sources */ = {isa = PBXBuildFile; fileRef = 8DDF379A27D9E36900142E4B /* AccountTableViewCell.swift */; };
		8DDF379D27D9E36A00142E4B /* AccountTableViewCell.xib in Resources */ = {isa = PBXBuildFile; fileRef = 8DDF379B27D9E36900142E4B /* AccountTableViewCell.xib */; };
		8DDF379F27DA031600142E4B /* OrderViewController.swift in Sources */ = {isa = PBXBuildFile; fileRef = 8DDF379E27DA031600142E4B /* OrderViewController.swift */; };
/* End PBXBuildFile section */

/* Begin PBXContainerItemProxy section */
		8D485A0727D9008A007C5B55 /* PBXContainerItemProxy */ = {
			isa = PBXContainerItemProxy;
			containerPortal = 8D4859E827D90087007C5B55 /* Project object */;
			proxyType = 1;
			remoteGlobalIDString = 8D4859EF27D90087007C5B55;
			remoteInfo = pigShop;
		};
		8D485A1127D9008A007C5B55 /* PBXContainerItemProxy */ = {
			isa = PBXContainerItemProxy;
			containerPortal = 8D4859E827D90087007C5B55 /* Project object */;
			proxyType = 1;
			remoteGlobalIDString = 8D4859EF27D90087007C5B55;
			remoteInfo = pigShop;
		};
/* End PBXContainerItemProxy section */

/* Begin PBXFileReference section */
		8D4859F027D90087007C5B55 /* pigShop.app */ = {isa = PBXFileReference; explicitFileType = wrapper.application; includeInIndex = 0; path = pigShop.app; sourceTree = BUILT_PRODUCTS_DIR; };
		8D4859F327D90087007C5B55 /* AppDelegate.swift */ = {isa = PBXFileReference; lastKnownFileType = sourcecode.swift; path = AppDelegate.swift; sourceTree = "<group>"; };
		8D4859F527D90087007C5B55 /* SceneDelegate.swift */ = {isa = PBXFileReference; lastKnownFileType = sourcecode.swift; path = SceneDelegate.swift; sourceTree = "<group>"; };
		8D4859FA27D90087007C5B55 /* Base */ = {isa = PBXFileReference; lastKnownFileType = file.storyboard; name = Base; path = Base.lproj/Main.storyboard; sourceTree = "<group>"; };
		8D4859FC27D90089007C5B55 /* Assets.xcassets */ = {isa = PBXFileReference; lastKnownFileType = folder.assetcatalog; path = Assets.xcassets; sourceTree = "<group>"; };
		8D4859FF27D90089007C5B55 /* Base */ = {isa = PBXFileReference; lastKnownFileType = file.storyboard; name = Base; path = Base.lproj/LaunchScreen.storyboard; sourceTree = "<group>"; };
		8D485A0127D90089007C5B55 /* Info.plist */ = {isa = PBXFileReference; lastKnownFileType = text.plist.xml; path = Info.plist; sourceTree = "<group>"; };
		8D485A0627D9008A007C5B55 /* pigShopTests.xctest */ = {isa = PBXFileReference; explicitFileType = wrapper.cfbundle; includeInIndex = 0; path = pigShopTests.xctest; sourceTree = BUILT_PRODUCTS_DIR; };
		8D485A0A27D9008A007C5B55 /* pigShopTests.swift */ = {isa = PBXFileReference; lastKnownFileType = sourcecode.swift; path = pigShopTests.swift; sourceTree = "<group>"; };
		8D485A1027D9008A007C5B55 /* pigShopUITests.xctest */ = {isa = PBXFileReference; explicitFileType = wrapper.cfbundle; includeInIndex = 0; path = pigShopUITests.xctest; sourceTree = BUILT_PRODUCTS_DIR; };
		8D485A1427D9008A007C5B55 /* pigShopUITests.swift */ = {isa = PBXFileReference; lastKnownFileType = sourcecode.swift; path = pigShopUITests.swift; sourceTree = "<group>"; };
		8D485A1627D9008A007C5B55 /* pigShopUITestsLaunchTests.swift */ = {isa = PBXFileReference; lastKnownFileType = sourcecode.swift; path = pigShopUITestsLaunchTests.swift; sourceTree = "<group>"; };
		8D485A2327D90303007C5B55 /* TabBarViewController.swift */ = {isa = PBXFileReference; lastKnownFileType = sourcecode.swift; path = TabBarViewController.swift; sourceTree = "<group>"; };
		8D485A2927D9041D007C5B55 /* Shop.storyboard */ = {isa = PBXFileReference; lastKnownFileType = file.storyboard; path = Shop.storyboard; sourceTree = "<group>"; };
		8D485A2B27D9042C007C5B55 /* Cart.storyboard */ = {isa = PBXFileReference; lastKnownFileType = file.storyboard; path = Cart.storyboard; sourceTree = "<group>"; };
		8D485A2D27D90441007C5B55 /* Order.storyboard */ = {isa = PBXFileReference; lastKnownFileType = file.storyboard; path = Order.storyboard; sourceTree = "<group>"; };
		8D485A2F27D9044B007C5B55 /* Profile.storyboard */ = {isa = PBXFileReference; lastKnownFileType = file.storyboard; path = Profile.storyboard; sourceTree = "<group>"; };
		8D6F72CA27DAF70F00714245 /* RecommendView.swift */ = {isa = PBXFileReference; lastKnownFileType = sourcecode.swift; path = RecommendView.swift; sourceTree = "<group>"; };
		8D6F72CC27DAF72400714245 /* RecommendView.xib */ = {isa = PBXFileReference; lastKnownFileType = file.xib; path = RecommendView.xib; sourceTree = "<group>"; };
		8D6F72CE27DAFA6900714245 /* UIView++.swift */ = {isa = PBXFileReference; lastKnownFileType = sourcecode.swift; path = "UIView++.swift"; sourceTree = "<group>"; };
		8D9BFA0327DA259500DBE962 /* CartViewController.swift */ = {isa = PBXFileReference; lastKnownFileType = sourcecode.swift; path = CartViewController.swift; sourceTree = "<group>"; };
		8D9BFA0527DA3A1900DBE962 /* HomeViewController.swift */ = {isa = PBXFileReference; lastKnownFileType = sourcecode.swift; path = HomeViewController.swift; sourceTree = "<group>"; };
		8D9BFA0C27DA3C9C00DBE962 /* RecommendCollectionViewCell.swift */ = {isa = PBXFileReference; lastKnownFileType = sourcecode.swift; path = RecommendCollectionViewCell.swift; sourceTree = "<group>"; };
		8D9BFA0D27DA3C9C00DBE962 /* RecommendCollectionViewCell.xib */ = {isa = PBXFileReference; lastKnownFileType = file.xib; path = RecommendCollectionViewCell.xib; sourceTree = "<group>"; };
		8DDF378F27D9BBEC00142E4B /* UIColor++.swift */ = {isa = PBXFileReference; lastKnownFileType = sourcecode.swift; path = "UIColor++.swift"; sourceTree = "<group>"; };
		8DDF379127D9C9A500142E4B /* ProfileViewController.swift */ = {isa = PBXFileReference; lastKnownFileType = sourcecode.swift; path = ProfileViewController.swift; sourceTree = "<group>"; };
		8DDF379627D9D3D000142E4B /* SettingListTableViewCell.swift */ = {isa = PBXFileReference; lastKnownFileType = sourcecode.swift; path = SettingListTableViewCell.swift; sourceTree = "<group>"; };
		8DDF379727D9D3D000142E4B /* SettingListTableViewCell.xib */ = {isa = PBXFileReference; lastKnownFileType = file.xib; path = SettingListTableViewCell.xib; sourceTree = "<group>"; };
		8DDF379A27D9E36900142E4B /* AccountTableViewCell.swift */ = {isa = PBXFileReference; lastKnownFileType = sourcecode.swift; path = AccountTableViewCell.swift; sourceTree = "<group>"; };
		8DDF379B27D9E36900142E4B /* AccountTableViewCell.xib */ = {isa = PBXFileReference; lastKnownFileType = file.xib; path = AccountTableViewCell.xib; sourceTree = "<group>"; };
		8DDF379E27DA031600142E4B /* OrderViewController.swift */ = {isa = PBXFileReference; lastKnownFileType = sourcecode.swift; path = OrderViewController.swift; sourceTree = "<group>"; };
/* End PBXFileReference section */

/* Begin PBXFrameworksBuildPhase section */
		8D4859ED27D90087007C5B55 /* Frameworks */ = {
			isa = PBXFrameworksBuildPhase;
			buildActionMask = 2147483647;
			files = (
				8D9BFA1227DA429D00DBE962 /* SDWebImage in Frameworks */,
			);
			runOnlyForDeploymentPostprocessing = 0;
		};
		8D485A0327D9008A007C5B55 /* Frameworks */ = {
			isa = PBXFrameworksBuildPhase;
			buildActionMask = 2147483647;
			files = (
			);
			runOnlyForDeploymentPostprocessing = 0;
		};
		8D485A0D27D9008A007C5B55 /* Frameworks */ = {
			isa = PBXFrameworksBuildPhase;
			buildActionMask = 2147483647;
			files = (
			);
			runOnlyForDeploymentPostprocessing = 0;
		};
/* End PBXFrameworksBuildPhase section */

/* Begin PBXGroup section */
		8D4859E727D90087007C5B55 = {
			isa = PBXGroup;
			children = (
				8D4859F227D90087007C5B55 /* pigShop */,
				8D485A0927D9008A007C5B55 /* pigShopTests */,
				8D485A1327D9008A007C5B55 /* pigShopUITests */,
				8D4859F127D90087007C5B55 /* Products */,
			);
			sourceTree = "<group>";
		};
		8D4859F127D90087007C5B55 /* Products */ = {
			isa = PBXGroup;
			children = (
				8D4859F027D90087007C5B55 /* pigShop.app */,
				8D485A0627D9008A007C5B55 /* pigShopTests.xctest */,
				8D485A1027D9008A007C5B55 /* pigShopUITests.xctest */,
			);
			name = Products;
			sourceTree = "<group>";
		};
		8D4859F227D90087007C5B55 /* pigShop */ = {
			isa = PBXGroup;
			children = (
				8DDF378E27D9BBD800142E4B /* extension */,
				8D4859F327D90087007C5B55 /* AppDelegate.swift */,
				8D4859F527D90087007C5B55 /* SceneDelegate.swift */,
				8D485A2327D90303007C5B55 /* TabBarViewController.swift */,
				8D4859F927D90087007C5B55 /* Main.storyboard */,
				8D485A2527D903DE007C5B55 /* Shop */,
				8D485A2627D903FA007C5B55 /* Cart */,
				8D485A2727D90400007C5B55 /* Order */,
				8D485A2827D9040B007C5B55 /* Profile */,
				8D4859FC27D90089007C5B55 /* Assets.xcassets */,
				8D4859FE27D90089007C5B55 /* LaunchScreen.storyboard */,
				8D485A0127D90089007C5B55 /* Info.plist */,
			);
			path = pigShop;
			sourceTree = "<group>";
		};
		8D485A0927D9008A007C5B55 /* pigShopTests */ = {
			isa = PBXGroup;
			children = (
				8D485A0A27D9008A007C5B55 /* pigShopTests.swift */,
			);
			path = pigShopTests;
			sourceTree = "<group>";
		};
		8D485A1327D9008A007C5B55 /* pigShopUITests */ = {
			isa = PBXGroup;
			children = (
				8D485A1427D9008A007C5B55 /* pigShopUITests.swift */,
				8D485A1627D9008A007C5B55 /* pigShopUITestsLaunchTests.swift */,
			);
			path = pigShopUITests;
			sourceTree = "<group>";
		};
		8D485A2527D903DE007C5B55 /* Shop */ = {
			isa = PBXGroup;
			children = (
				8D9BFA1327DA5A4700DBE962 /* View */,
				8D9BFA0B27DA3C8100DBE962 /* CollectionViewCell */,
				8D485A2927D9041D007C5B55 /* Shop.storyboard */,
				8D9BFA0527DA3A1900DBE962 /* HomeViewController.swift */,
			);
			path = Shop;
			sourceTree = "<group>";
		};
		8D485A2627D903FA007C5B55 /* Cart */ = {
			isa = PBXGroup;
			children = (
				8D485A2B27D9042C007C5B55 /* Cart.storyboard */,
				8D9BFA0327DA259500DBE962 /* CartViewController.swift */,
			);
			path = Cart;
			sourceTree = "<group>";
		};
		8D485A2727D90400007C5B55 /* Order */ = {
			isa = PBXGroup;
			children = (
				8D485A2D27D90441007C5B55 /* Order.storyboard */,
				8DDF379E27DA031600142E4B /* OrderViewController.swift */,
			);
			path = Order;
			sourceTree = "<group>";
		};
		8D485A2827D9040B007C5B55 /* Profile */ = {
			isa = PBXGroup;
			children = (
				8DDF379327D9D25900142E4B /* TableViewCell */,
				8D485A2F27D9044B007C5B55 /* Profile.storyboard */,
				8DDF379127D9C9A500142E4B /* ProfileViewController.swift */,
			);
			path = Profile;
			sourceTree = "<group>";
		};
		8D9BFA0B27DA3C8100DBE962 /* CollectionViewCell */ = {
			isa = PBXGroup;
			children = (
				8D9BFA0C27DA3C9C00DBE962 /* RecommendCollectionViewCell.swift */,
				8D9BFA0D27DA3C9C00DBE962 /* RecommendCollectionViewCell.xib */,
			);
			path = CollectionViewCell;
			sourceTree = "<group>";
		};
		8D9BFA1327DA5A4700DBE962 /* View */ = {
			isa = PBXGroup;
			children = (
				8D6F72CA27DAF70F00714245 /* RecommendView.swift */,
				8D6F72CC27DAF72400714245 /* RecommendView.xib */,
			);
			path = View;
			sourceTree = "<group>";
		};
		8DDF378E27D9BBD800142E4B /* extension */ = {
			isa = PBXGroup;
			children = (
				8DDF378F27D9BBEC00142E4B /* UIColor++.swift */,
				8D6F72CE27DAFA6900714245 /* UIView++.swift */,
			);
			path = extension;
			sourceTree = "<group>";
		};
		8DDF379327D9D25900142E4B /* TableViewCell */ = {
			isa = PBXGroup;
			children = (
				8DDF379627D9D3D000142E4B /* SettingListTableViewCell.swift */,
				8DDF379727D9D3D000142E4B /* SettingListTableViewCell.xib */,
				8DDF379A27D9E36900142E4B /* AccountTableViewCell.swift */,
				8DDF379B27D9E36900142E4B /* AccountTableViewCell.xib */,
			);
			path = TableViewCell;
			sourceTree = "<group>";
		};
/* End PBXGroup section */

/* Begin PBXNativeTarget section */
		8D4859EF27D90087007C5B55 /* pigShop */ = {
			isa = PBXNativeTarget;
			buildConfigurationList = 8D485A1A27D9008A007C5B55 /* Build configuration list for PBXNativeTarget "pigShop" */;
			buildPhases = (
				8D4859EC27D90087007C5B55 /* Sources */,
				8D4859ED27D90087007C5B55 /* Frameworks */,
				8D4859EE27D90087007C5B55 /* Resources */,
			);
			buildRules = (
			);
			dependencies = (
			);
			name = pigShop;
			packageProductDependencies = (
				8D9BFA1127DA429D00DBE962 /* SDWebImage */,
			);
			productName = pigShop;
			productReference = 8D4859F027D90087007C5B55 /* pigShop.app */;
			productType = "com.apple.product-type.application";
		};
		8D485A0527D9008A007C5B55 /* pigShopTests */ = {
			isa = PBXNativeTarget;
			buildConfigurationList = 8D485A1D27D9008A007C5B55 /* Build configuration list for PBXNativeTarget "pigShopTests" */;
			buildPhases = (
				8D485A0227D9008A007C5B55 /* Sources */,
				8D485A0327D9008A007C5B55 /* Frameworks */,
				8D485A0427D9008A007C5B55 /* Resources */,
			);
			buildRules = (
			);
			dependencies = (
				8D485A0827D9008A007C5B55 /* PBXTargetDependency */,
			);
			name = pigShopTests;
			productName = pigShopTests;
			productReference = 8D485A0627D9008A007C5B55 /* pigShopTests.xctest */;
			productType = "com.apple.product-type.bundle.unit-test";
		};
		8D485A0F27D9008A007C5B55 /* pigShopUITests */ = {
			isa = PBXNativeTarget;
			buildConfigurationList = 8D485A2027D9008A007C5B55 /* Build configuration list for PBXNativeTarget "pigShopUITests" */;
			buildPhases = (
				8D485A0C27D9008A007C5B55 /* Sources */,
				8D485A0D27D9008A007C5B55 /* Frameworks */,
				8D485A0E27D9008A007C5B55 /* Resources */,
			);
			buildRules = (
			);
			dependencies = (
				8D485A1227D9008A007C5B55 /* PBXTargetDependency */,
			);
			name = pigShopUITests;
			productName = pigShopUITests;
			productReference = 8D485A1027D9008A007C5B55 /* pigShopUITests.xctest */;
			productType = "com.apple.product-type.bundle.ui-testing";
		};
/* End PBXNativeTarget section */

/* Begin PBXProject section */
		8D4859E827D90087007C5B55 /* Project object */ = {
			isa = PBXProject;
			attributes = {
				BuildIndependentTargetsInParallel = 1;
				LastSwiftUpdateCheck = 1320;
				LastUpgradeCheck = 1320;
				TargetAttributes = {
					8D4859EF27D90087007C5B55 = {
						CreatedOnToolsVersion = 13.2.1;
					};
					8D485A0527D9008A007C5B55 = {
						CreatedOnToolsVersion = 13.2.1;
						TestTargetID = 8D4859EF27D90087007C5B55;
					};
					8D485A0F27D9008A007C5B55 = {
						CreatedOnToolsVersion = 13.2.1;
						TestTargetID = 8D4859EF27D90087007C5B55;
					};
				};
			};
			buildConfigurationList = 8D4859EB27D90087007C5B55 /* Build configuration list for PBXProject "pigShop" */;
			compatibilityVersion = "Xcode 13.0";
			developmentRegion = en;
			hasScannedForEncodings = 0;
			knownRegions = (
				en,
				Base,
			);
			mainGroup = 8D4859E727D90087007C5B55;
			packageReferences = (
				8D9BFA1027DA429D00DBE962 /* XCRemoteSwiftPackageReference "SDWebImage" */,
			);
			productRefGroup = 8D4859F127D90087007C5B55 /* Products */;
			projectDirPath = "";
			projectRoot = "";
			targets = (
				8D4859EF27D90087007C5B55 /* pigShop */,
				8D485A0527D9008A007C5B55 /* pigShopTests */,
				8D485A0F27D9008A007C5B55 /* pigShopUITests */,
			);
		};
/* End PBXProject section */

/* Begin PBXResourcesBuildPhase section */
		8D4859EE27D90087007C5B55 /* Resources */ = {
			isa = PBXResourcesBuildPhase;
			buildActionMask = 2147483647;
			files = (
				8D485A2A27D9041D007C5B55 /* Shop.storyboard in Resources */,
				8DDF379D27D9E36A00142E4B /* AccountTableViewCell.xib in Resources */,
				8D485A0027D90089007C5B55 /* LaunchScreen.storyboard in Resources */,
				8D9BFA0F27DA3C9C00DBE962 /* RecommendCollectionViewCell.xib in Resources */,
				8DDF379927D9D3D000142E4B /* SettingListTableViewCell.xib in Resources */,
				8D4859FD27D90089007C5B55 /* Assets.xcassets in Resources */,
				8D485A2C27D9042C007C5B55 /* Cart.storyboard in Resources */,
				8D6F72CD27DAF72400714245 /* RecommendView.xib in Resources */,
				8D4859FB27D90087007C5B55 /* Main.storyboard in Resources */,
				8D485A3027D9044B007C5B55 /* Profile.storyboard in Resources */,
				8D485A2E27D90441007C5B55 /* Order.storyboard in Resources */,
			);
			runOnlyForDeploymentPostprocessing = 0;
		};
		8D485A0427D9008A007C5B55 /* Resources */ = {
			isa = PBXResourcesBuildPhase;
			buildActionMask = 2147483647;
			files = (
			);
			runOnlyForDeploymentPostprocessing = 0;
		};
		8D485A0E27D9008A007C5B55 /* Resources */ = {
			isa = PBXResourcesBuildPhase;
			buildActionMask = 2147483647;
			files = (
			);
			runOnlyForDeploymentPostprocessing = 0;
		};
/* End PBXResourcesBuildPhase section */

/* Begin PBXSourcesBuildPhase section */
		8D4859EC27D90087007C5B55 /* Sources */ = {
			isa = PBXSourcesBuildPhase;
			buildActionMask = 2147483647;
			files = (
				8D4859F427D90087007C5B55 /* AppDelegate.swift in Sources */,
				8DDF379027D9BBEC00142E4B /* UIColor++.swift in Sources */,
				8DDF379227D9C9A500142E4B /* ProfileViewController.swift in Sources */,
				8D485A2427D90303007C5B55 /* TabBarViewController.swift in Sources */,
				8DDF379C27D9E36A00142E4B /* AccountTableViewCell.swift in Sources */,
				8D6F72CF27DAFA6900714245 /* UIView++.swift in Sources */,
				8D9BFA0627DA3A1900DBE962 /* HomeViewController.swift in Sources */,
				8DDF379827D9D3D000142E4B /* SettingListTableViewCell.swift in Sources */,
				8D6F72CB27DAF70F00714245 /* RecommendView.swift in Sources */,
				8D9BFA0E27DA3C9C00DBE962 /* RecommendCollectionViewCell.swift in Sources */,
				8D4859F627D90087007C5B55 /* SceneDelegate.swift in Sources */,
				8D9BFA0427DA259500DBE962 /* CartViewController.swift in Sources */,
				8DDF379F27DA031600142E4B /* OrderViewController.swift in Sources */,
			);
			runOnlyForDeploymentPostprocessing = 0;
		};
		8D485A0227D9008A007C5B55 /* Sources */ = {
			isa = PBXSourcesBuildPhase;
			buildActionMask = 2147483647;
			files = (
				8D485A0B27D9008A007C5B55 /* pigShopTests.swift in Sources */,
			);
			runOnlyForDeploymentPostprocessing = 0;
		};
		8D485A0C27D9008A007C5B55 /* Sources */ = {
			isa = PBXSourcesBuildPhase;
			buildActionMask = 2147483647;
			files = (
				8D485A1527D9008A007C5B55 /* pigShopUITests.swift in Sources */,
				8D485A1727D9008A007C5B55 /* pigShopUITestsLaunchTests.swift in Sources */,
			);
			runOnlyForDeploymentPostprocessing = 0;
		};
/* End PBXSourcesBuildPhase section */

/* Begin PBXTargetDependency section */
		8D485A0827D9008A007C5B55 /* PBXTargetDependency */ = {
			isa = PBXTargetDependency;
			target = 8D4859EF27D90087007C5B55 /* pigShop */;
			targetProxy = 8D485A0727D9008A007C5B55 /* PBXContainerItemProxy */;
		};
		8D485A1227D9008A007C5B55 /* PBXTargetDependency */ = {
			isa = PBXTargetDependency;
			target = 8D4859EF27D90087007C5B55 /* pigShop */;
			targetProxy = 8D485A1127D9008A007C5B55 /* PBXContainerItemProxy */;
		};
/* End PBXTargetDependency section */

/* Begin PBXVariantGroup section */
		8D4859F927D90087007C5B55 /* Main.storyboard */ = {
			isa = PBXVariantGroup;
			children = (
				8D4859FA27D90087007C5B55 /* Base */,
			);
			name = Main.storyboard;
			sourceTree = "<group>";
		};
		8D4859FE27D90089007C5B55 /* LaunchScreen.storyboard */ = {
			isa = PBXVariantGroup;
			children = (
				8D4859FF27D90089007C5B55 /* Base */,
			);
			name = LaunchScreen.storyboard;
			sourceTree = "<group>";
		};
/* End PBXVariantGroup section */

/* Begin XCBuildConfiguration section */
		8D485A1827D9008A007C5B55 /* Debug */ = {
			isa = XCBuildConfiguration;
			buildSettings = {
				ALWAYS_SEARCH_USER_PATHS = NO;
				CLANG_ANALYZER_NONNULL = YES;
				CLANG_ANALYZER_NUMBER_OBJECT_CONVERSION = YES_AGGRESSIVE;
				CLANG_CXX_LANGUAGE_STANDARD = "gnu++17";
				CLANG_CXX_LIBRARY = "libc++";
				CLANG_ENABLE_MODULES = YES;
				CLANG_ENABLE_OBJC_ARC = YES;
				CLANG_ENABLE_OBJC_WEAK = YES;
				CLANG_WARN_BLOCK_CAPTURE_AUTORELEASING = YES;
				CLANG_WARN_BOOL_CONVERSION = YES;
				CLANG_WARN_COMMA = YES;
				CLANG_WARN_CONSTANT_CONVERSION = YES;
				CLANG_WARN_DEPRECATED_OBJC_IMPLEMENTATIONS = YES;
				CLANG_WARN_DIRECT_OBJC_ISA_USAGE = YES_ERROR;
				CLANG_WARN_DOCUMENTATION_COMMENTS = YES;
				CLANG_WARN_EMPTY_BODY = YES;
				CLANG_WARN_ENUM_CONVERSION = YES;
				CLANG_WARN_INFINITE_RECURSION = YES;
				CLANG_WARN_INT_CONVERSION = YES;
				CLANG_WARN_NON_LITERAL_NULL_CONVERSION = YES;
				CLANG_WARN_OBJC_IMPLICIT_RETAIN_SELF = YES;
				CLANG_WARN_OBJC_LITERAL_CONVERSION = YES;
				CLANG_WARN_OBJC_ROOT_CLASS = YES_ERROR;
				CLANG_WARN_QUOTED_INCLUDE_IN_FRAMEWORK_HEADER = YES;
				CLANG_WARN_RANGE_LOOP_ANALYSIS = YES;
				CLANG_WARN_STRICT_PROTOTYPES = YES;
				CLANG_WARN_SUSPICIOUS_MOVE = YES;
				CLANG_WARN_UNGUARDED_AVAILABILITY = YES_AGGRESSIVE;
				CLANG_WARN_UNREACHABLE_CODE = YES;
				CLANG_WARN__DUPLICATE_METHOD_MATCH = YES;
				COPY_PHASE_STRIP = NO;
				DEBUG_INFORMATION_FORMAT = dwarf;
				ENABLE_STRICT_OBJC_MSGSEND = YES;
				ENABLE_TESTABILITY = YES;
				GCC_C_LANGUAGE_STANDARD = gnu11;
				GCC_DYNAMIC_NO_PIC = NO;
				GCC_NO_COMMON_BLOCKS = YES;
				GCC_OPTIMIZATION_LEVEL = 0;
				GCC_PREPROCESSOR_DEFINITIONS = (
					"DEBUG=1",
					"$(inherited)",
				);
				GCC_WARN_64_TO_32_BIT_CONVERSION = YES;
				GCC_WARN_ABOUT_RETURN_TYPE = YES_ERROR;
				GCC_WARN_UNDECLARED_SELECTOR = YES;
				GCC_WARN_UNINITIALIZED_AUTOS = YES_AGGRESSIVE;
				GCC_WARN_UNUSED_FUNCTION = YES;
				GCC_WARN_UNUSED_VARIABLE = YES;
				IPHONEOS_DEPLOYMENT_TARGET = 15.2;
				MTL_ENABLE_DEBUG_INFO = INCLUDE_SOURCE;
				MTL_FAST_MATH = YES;
				ONLY_ACTIVE_ARCH = YES;
				SDKROOT = iphoneos;
				SWIFT_ACTIVE_COMPILATION_CONDITIONS = DEBUG;
				SWIFT_OPTIMIZATION_LEVEL = "-Onone";
			};
			name = Debug;
		};
		8D485A1927D9008A007C5B55 /* Release */ = {
			isa = XCBuildConfiguration;
			buildSettings = {
				ALWAYS_SEARCH_USER_PATHS = NO;
				CLANG_ANALYZER_NONNULL = YES;
				CLANG_ANALYZER_NUMBER_OBJECT_CONVERSION = YES_AGGRESSIVE;
				CLANG_CXX_LANGUAGE_STANDARD = "gnu++17";
				CLANG_CXX_LIBRARY = "libc++";
				CLANG_ENABLE_MODULES = YES;
				CLANG_ENABLE_OBJC_ARC = YES;
				CLANG_ENABLE_OBJC_WEAK = YES;
				CLANG_WARN_BLOCK_CAPTURE_AUTORELEASING = YES;
				CLANG_WARN_BOOL_CONVERSION = YES;
				CLANG_WARN_COMMA = YES;
				CLANG_WARN_CONSTANT_CONVERSION = YES;
				CLANG_WARN_DEPRECATED_OBJC_IMPLEMENTATIONS = YES;
				CLANG_WARN_DIRECT_OBJC_ISA_USAGE = YES_ERROR;
				CLANG_WARN_DOCUMENTATION_COMMENTS = YES;
				CLANG_WARN_EMPTY_BODY = YES;
				CLANG_WARN_ENUM_CONVERSION = YES;
				CLANG_WARN_INFINITE_RECURSION = YES;
				CLANG_WARN_INT_CONVERSION = YES;
				CLANG_WARN_NON_LITERAL_NULL_CONVERSION = YES;
				CLANG_WARN_OBJC_IMPLICIT_RETAIN_SELF = YES;
				CLANG_WARN_OBJC_LITERAL_CONVERSION = YES;
				CLANG_WARN_OBJC_ROOT_CLASS = YES_ERROR;
				CLANG_WARN_QUOTED_INCLUDE_IN_FRAMEWORK_HEADER = YES;
				CLANG_WARN_RANGE_LOOP_ANALYSIS = YES;
				CLANG_WARN_STRICT_PROTOTYPES = YES;
				CLANG_WARN_SUSPICIOUS_MOVE = YES;
				CLANG_WARN_UNGUARDED_AVAILABILITY = YES_AGGRESSIVE;
				CLANG_WARN_UNREACHABLE_CODE = YES;
				CLANG_WARN__DUPLICATE_METHOD_MATCH = YES;
				COPY_PHASE_STRIP = NO;
				DEBUG_INFORMATION_FORMAT = "dwarf-with-dsym";
				ENABLE_NS_ASSERTIONS = NO;
				ENABLE_STRICT_OBJC_MSGSEND = YES;
				GCC_C_LANGUAGE_STANDARD = gnu11;
				GCC_NO_COMMON_BLOCKS = YES;
				GCC_WARN_64_TO_32_BIT_CONVERSION = YES;
				GCC_WARN_ABOUT_RETURN_TYPE = YES_ERROR;
				GCC_WARN_UNDECLARED_SELECTOR = YES;
				GCC_WARN_UNINITIALIZED_AUTOS = YES_AGGRESSIVE;
				GCC_WARN_UNUSED_FUNCTION = YES;
				GCC_WARN_UNUSED_VARIABLE = YES;
				IPHONEOS_DEPLOYMENT_TARGET = 15.2;
				MTL_ENABLE_DEBUG_INFO = NO;
				MTL_FAST_MATH = YES;
				SDKROOT = iphoneos;
				SWIFT_COMPILATION_MODE = wholemodule;
				SWIFT_OPTIMIZATION_LEVEL = "-O";
				VALIDATE_PRODUCT = YES;
			};
			name = Release;
		};
		8D485A1B27D9008A007C5B55 /* Debug */ = {
			isa = XCBuildConfiguration;
			buildSettings = {
				ASSETCATALOG_COMPILER_APPICON_NAME = AppIcon;
				ASSETCATALOG_COMPILER_GLOBAL_ACCENT_COLOR_NAME = AccentColor;
				CODE_SIGN_STYLE = Automatic;
				CURRENT_PROJECT_VERSION = 1;
				GENERATE_INFOPLIST_FILE = YES;
				INFOPLIST_FILE = pigShop/Info.plist;
				INFOPLIST_KEY_UIApplicationSupportsIndirectInputEvents = YES;
				INFOPLIST_KEY_UILaunchStoryboardName = LaunchScreen;
				INFOPLIST_KEY_UIMainStoryboardFile = Main;
				INFOPLIST_KEY_UISupportedInterfaceOrientations_iPad = "UIInterfaceOrientationPortrait UIInterfaceOrientationPortraitUpsideDown UIInterfaceOrientationLandscapeLeft UIInterfaceOrientationLandscapeRight";
				INFOPLIST_KEY_UISupportedInterfaceOrientations_iPhone = "UIInterfaceOrientationPortrait UIInterfaceOrientationLandscapeLeft UIInterfaceOrientationLandscapeRight";
				LD_RUNPATH_SEARCH_PATHS = (
					"$(inherited)",
					"@executable_path/Frameworks",
				);
				MARKETING_VERSION = 1.0;
				PRODUCT_BUNDLE_IDENTIFIER = mama.pigShop;
				PRODUCT_NAME = "$(TARGET_NAME)";
				SWIFT_EMIT_LOC_STRINGS = YES;
				SWIFT_VERSION = 5.0;
				TARGETED_DEVICE_FAMILY = "1,2";
			};
			name = Debug;
		};
		8D485A1C27D9008A007C5B55 /* Release */ = {
			isa = XCBuildConfiguration;
			buildSettings = {
				ASSETCATALOG_COMPILER_APPICON_NAME = AppIcon;
				ASSETCATALOG_COMPILER_GLOBAL_ACCENT_COLOR_NAME = AccentColor;
				CODE_SIGN_STYLE = Automatic;
				CURRENT_PROJECT_VERSION = 1;
				GENERATE_INFOPLIST_FILE = YES;
				INFOPLIST_FILE = pigShop/Info.plist;
				INFOPLIST_KEY_UIApplicationSupportsIndirectInputEvents = YES;
				INFOPLIST_KEY_UILaunchStoryboardName = LaunchScreen;
				INFOPLIST_KEY_UIMainStoryboardFile = Main;
				INFOPLIST_KEY_UISupportedInterfaceOrientations_iPad = "UIInterfaceOrientationPortrait UIInterfaceOrientationPortraitUpsideDown UIInterfaceOrientationLandscapeLeft UIInterfaceOrientationLandscapeRight";
				INFOPLIST_KEY_UISupportedInterfaceOrientations_iPhone = "UIInterfaceOrientationPortrait UIInterfaceOrientationLandscapeLeft UIInterfaceOrientationLandscapeRight";
				LD_RUNPATH_SEARCH_PATHS = (
					"$(inherited)",
					"@executable_path/Frameworks",
				);
				MARKETING_VERSION = 1.0;
				PRODUCT_BUNDLE_IDENTIFIER = mama.pigShop;
				PRODUCT_NAME = "$(TARGET_NAME)";
				SWIFT_EMIT_LOC_STRINGS = YES;
				SWIFT_VERSION = 5.0;
				TARGETED_DEVICE_FAMILY = "1,2";
			};
			name = Release;
		};
		8D485A1E27D9008A007C5B55 /* Debug */ = {
			isa = XCBuildConfiguration;
			buildSettings = {
				ALWAYS_EMBED_SWIFT_STANDARD_LIBRARIES = YES;
				BUNDLE_LOADER = "$(TEST_HOST)";
				CODE_SIGN_STYLE = Automatic;
				CURRENT_PROJECT_VERSION = 1;
				GENERATE_INFOPLIST_FILE = YES;
				IPHONEOS_DEPLOYMENT_TARGET = 15.2;
				MARKETING_VERSION = 1.0;
				PRODUCT_BUNDLE_IDENTIFIER = mama.pigShopTests;
				PRODUCT_NAME = "$(TARGET_NAME)";
				SWIFT_EMIT_LOC_STRINGS = NO;
				SWIFT_VERSION = 5.0;
				TARGETED_DEVICE_FAMILY = "1,2";
				TEST_HOST = "$(BUILT_PRODUCTS_DIR)/pigShop.app/pigShop";
			};
			name = Debug;
		};
		8D485A1F27D9008A007C5B55 /* Release */ = {
			isa = XCBuildConfiguration;
			buildSettings = {
				ALWAYS_EMBED_SWIFT_STANDARD_LIBRARIES = YES;
				BUNDLE_LOADER = "$(TEST_HOST)";
				CODE_SIGN_STYLE = Automatic;
				CURRENT_PROJECT_VERSION = 1;
				GENERATE_INFOPLIST_FILE = YES;
				IPHONEOS_DEPLOYMENT_TARGET = 15.2;
				MARKETING_VERSION = 1.0;
				PRODUCT_BUNDLE_IDENTIFIER = mama.pigShopTests;
				PRODUCT_NAME = "$(TARGET_NAME)";
				SWIFT_EMIT_LOC_STRINGS = NO;
				SWIFT_VERSION = 5.0;
				TARGETED_DEVICE_FAMILY = "1,2";
				TEST_HOST = "$(BUILT_PRODUCTS_DIR)/pigShop.app/pigShop";
			};
			name = Release;
		};
		8D485A2127D9008A007C5B55 /* Debug */ = {
			isa = XCBuildConfiguration;
			buildSettings = {
				ALWAYS_EMBED_SWIFT_STANDARD_LIBRARIES = YES;
				CODE_SIGN_STYLE = Automatic;
				CURRENT_PROJECT_VERSION = 1;
				GENERATE_INFOPLIST_FILE = YES;
				MARKETING_VERSION = 1.0;
				PRODUCT_BUNDLE_IDENTIFIER = mama.pigShopUITests;
				PRODUCT_NAME = "$(TARGET_NAME)";
				SWIFT_EMIT_LOC_STRINGS = NO;
				SWIFT_VERSION = 5.0;
				TARGETED_DEVICE_FAMILY = "1,2";
				TEST_TARGET_NAME = pigShop;
			};
			name = Debug;
		};
		8D485A2227D9008A007C5B55 /* Release */ = {
			isa = XCBuildConfiguration;
			buildSettings = {
				ALWAYS_EMBED_SWIFT_STANDARD_LIBRARIES = YES;
				CODE_SIGN_STYLE = Automatic;
				CURRENT_PROJECT_VERSION = 1;
				GENERATE_INFOPLIST_FILE = YES;
				MARKETING_VERSION = 1.0;
				PRODUCT_BUNDLE_IDENTIFIER = mama.pigShopUITests;
				PRODUCT_NAME = "$(TARGET_NAME)";
				SWIFT_EMIT_LOC_STRINGS = NO;
				SWIFT_VERSION = 5.0;
				TARGETED_DEVICE_FAMILY = "1,2";
				TEST_TARGET_NAME = pigShop;
			};
			name = Release;
		};
/* End XCBuildConfiguration section */

/* Begin XCConfigurationList section */
		8D4859EB27D90087007C5B55 /* Build configuration list for PBXProject "pigShop" */ = {
			isa = XCConfigurationList;
			buildConfigurations = (
				8D485A1827D9008A007C5B55 /* Debug */,
				8D485A1927D9008A007C5B55 /* Release */,
			);
			defaultConfigurationIsVisible = 0;
			defaultConfigurationName = Release;
		};
		8D485A1A27D9008A007C5B55 /* Build configuration list for PBXNativeTarget "pigShop" */ = {
			isa = XCConfigurationList;
			buildConfigurations = (
				8D485A1B27D9008A007C5B55 /* Debug */,
				8D485A1C27D9008A007C5B55 /* Release */,
			);
			defaultConfigurationIsVisible = 0;
			defaultConfigurationName = Release;
		};
		8D485A1D27D9008A007C5B55 /* Build configuration list for PBXNativeTarget "pigShopTests" */ = {
			isa = XCConfigurationList;
			buildConfigurations = (
				8D485A1E27D9008A007C5B55 /* Debug */,
				8D485A1F27D9008A007C5B55 /* Release */,
			);
			defaultConfigurationIsVisible = 0;
			defaultConfigurationName = Release;
		};
		8D485A2027D9008A007C5B55 /* Build configuration list for PBXNativeTarget "pigShopUITests" */ = {
			isa = XCConfigurationList;
			buildConfigurations = (
				8D485A2127D9008A007C5B55 /* Debug */,
				8D485A2227D9008A007C5B55 /* Release */,
			);
			defaultConfigurationIsVisible = 0;
			defaultConfigurationName = Release;
		};
/* End XCConfigurationList section */

/* Begin XCRemoteSwiftPackageReference section */
		8D9BFA1027DA429D00DBE962 /* XCRemoteSwiftPackageReference "SDWebImage" */ = {
			isa = XCRemoteSwiftPackageReference;
			repositoryURL = "https://github.com/SDWebImage/SDWebImage.git";
			requirement = {
				kind = upToNextMajorVersion;
				minimumVersion = 5.0.0;
			};
		};
/* End XCRemoteSwiftPackageReference section */

/* Begin XCSwiftPackageProductDependency section */
		8D9BFA1127DA429D00DBE962 /* SDWebImage */ = {
			isa = XCSwiftPackageProductDependency;
			package = 8D9BFA1027DA429D00DBE962 /* XCRemoteSwiftPackageReference "SDWebImage" */;
			productName = SDWebImage;
		};
/* End XCSwiftPackageProductDependency section */
	};
	rootObject = 8D4859E827D90087007C5B55 /* Project object */;
}
